
Microsoft Visual Studio Solution File, Format Version 12.00
# Visual Studio 2013
VisualStudioVersion = 12.0.21005.1
MinimumVisualStudioVersion = 10.0.40219.1
Project("{FAE04EC0-301F-11D3-BF4B-00C04F79EFBC}") = "Ornek_11", "Ornek_11\Ornek_11.csproj", "{58631D05-9767-4D09-8F37-B891B5E23B51}"
EndProject
Global
	GlobalSection(SolutionConfigurationPlatforms) = preSolution
		Debug|Any CPU = Debug|Any CPU
		Release|Any CPU = Release|Any CPU
	EndGlobalSection
	GlobalSection(ProjectConfigurationPlatforms) = postSolution
		{58631D05-9767-4D09-8F37-B891B5E23B51}.Debug|Any CPU.ActiveCfg = Debug|Any CPU
		{58631D05-9767-4D09-8F37-B891B5E23B51}.Debug|Any CPU.Build.0 = Debug|Any CPU
		{58631D05-9767-4D09-8F37-B891B5E23B51}.Release|Any CPU.ActiveCfg = Release|Any CPU
		{58631D05-9767-4D09-8F37-B891B5E23B51}.Release|Any CPU.Build.0 = Release|Any CPU
	EndGlobalSection
	GlobalSection(SolutionProperties) = preSolution
		HideSolutionNode = FALSE
	EndGlobalSection
EndGlobal
