
Microsoft Visual Studio Solution File, Format Version 12.00
# Visual Studio 2012
Project("{FAE04EC0-301F-11D3-BF4B-00C04F79EFBC}") = "WindowsFormsApplication1", "WindowsFormsApplication1\WindowsFormsApplication1.csproj", "{C38F4E85-84A4-4A3F-B28A-3AB98F62621B}"
EndProject
Global
	GlobalSection(SolutionConfigurationPlatforms) = preSolution
		Debug|Any CPU = Debug|Any CPU
		Release|Any CPU = Release|Any CPU
	EndGlobalSection
	GlobalSection(ProjectConfigurationPlatforms) = postSolution
		{C38F4E85-84A4-4A3F-B28A-3AB98F62621B}.Debug|Any CPU.ActiveCfg = Debug|Any CPU
		{C38F4E85-84A4-4A3F-B28A-3AB98F62621B}.Debug|Any CPU.Build.0 = Debug|Any CPU
		{C38F4E85-84A4-4A3F-B28A-3AB98F62621B}.Release|Any CPU.ActiveCfg = Release|Any CPU
		{C38F4E85-84A4-4A3F-B28A-3AB98F62621B}.Release|Any CPU.Build.0 = Release|Any CPU
	EndGlobalSection
	GlobalSection(SolutionProperties) = preSolution
		HideSolutionNode = FALSE
	EndGlobalSection
EndGlobal
