
Microsoft Visual Studio Solution File, Format Version 12.00
# Visual Studio 2012
Project("{FAE04EC0-301F-11D3-BF4B-00C04F79EFBC}") = "Üçgenin Alanı Hesaplama", "Üçgenin Alanı Hesaplama\Üçgenin Alanı Hesaplama.csproj", "{FE9B44C0-39D9-4BB6-B865-BF9075B99498}"
EndProject
Global
	GlobalSection(SolutionConfigurationPlatforms) = preSolution
		Debug|Any CPU = Debug|Any CPU
		Release|Any CPU = Release|Any CPU
	EndGlobalSection
	GlobalSection(ProjectConfigurationPlatforms) = postSolution
		{FE9B44C0-39D9-4BB6-B865-BF9075B99498}.Debug|Any CPU.ActiveCfg = Debug|Any CPU
		{FE9B44C0-39D9-4BB6-B865-BF9075B99498}.Debug|Any CPU.Build.0 = Debug|Any CPU
		{FE9B44C0-39D9-4BB6-B865-BF9075B99498}.Release|Any CPU.ActiveCfg = Release|Any CPU
		{FE9B44C0-39D9-4BB6-B865-BF9075B99498}.Release|Any CPU.Build.0 = Release|Any CPU
	EndGlobalSection
	GlobalSection(SolutionProperties) = preSolution
		HideSolutionNode = FALSE
	EndGlobalSection
EndGlobal
