
Microsoft Visual Studio Solution File, Format Version 12.00
# Visual Studio 2012
Project("{FAE04EC0-301F-11D3-BF4B-00C04F79EFBC}") = "Checkbox", "Checkbox\Checkbox.csproj", "{4BEEC55C-A637-495E-BD99-1E6A925F503A}"
EndProject
Global
	GlobalSection(SolutionConfigurationPlatforms) = preSolution
		Debug|Any CPU = Debug|Any CPU
		Release|Any CPU = Release|Any CPU
	EndGlobalSection
	GlobalSection(ProjectConfigurationPlatforms) = postSolution
		{4BEEC55C-A637-495E-BD99-1E6A925F503A}.Debug|Any CPU.ActiveCfg = Debug|Any CPU
		{4BEEC55C-A637-495E-BD99-1E6A925F503A}.Debug|Any CPU.Build.0 = Debug|Any CPU
		{4BEEC55C-A637-495E-BD99-1E6A925F503A}.Release|Any CPU.ActiveCfg = Release|Any CPU
		{4BEEC55C-A637-495E-BD99-1E6A925F503A}.Release|Any CPU.Build.0 = Release|Any CPU
	EndGlobalSection
	GlobalSection(SolutionProperties) = preSolution
		HideSolutionNode = FALSE
	EndGlobalSection
EndGlobal
